
Microsoft Visual Studio Solution File, Format Version 12.00
# Visual Studio 15
VisualStudioVersion = 15.0.27130.2027
MinimumVisualStudioVersion = 10.0.40219.1
Project("{FAE04EC0-301F-11D3-BF4B-00C04F79EFBC}") = "Angular2MVC", "Angular2MVC\Angular2MVC.csproj", "{D68F85EB-8E0E-4C37-B745-010F491FA902}"
EndProject
Global
	GlobalSection(SolutionConfigurationPlatforms) = preSolution
		Debug|Any CPU = Debug|Any CPU
		Release|Any CPU = Release|Any CPU
	EndGlobalSection
	GlobalSection(ProjectConfigurationPlatforms) = postSolution
		{D68F85EB-8E0E-4C37-B745-010F491FA902}.Debug|Any CPU.ActiveCfg = Debug|Any CPU
		{D68F85EB-8E0E-4C37-B745-010F491FA902}.Debug|Any CPU.Build.0 = Debug|Any CPU
		{D68F85EB-8E0E-4C37-B745-010F491FA902}.Release|Any CPU.ActiveCfg = Release|Any CPU
		{D68F85EB-8E0E-4C37-B745-010F491FA902}.Release|Any CPU.Build.0 = Release|Any CPU
	EndGlobalSection
	GlobalSection(SolutionProperties) = preSolution
		HideSolutionNode = FALSE
	EndGlobalSection
	GlobalSection(ExtensibilityGlobals) = postSolution
		SolutionGuid = {B4E9EEAA-1BD2-4F63-AF98-6A2E8C3D1C75}
	EndGlobalSection
EndGlobal
